// !$*UTF8*$!
{
	archiveVersion = 1;
	classes = {
	};
	objectVersion = 51;
	objects = {

/* Begin PBXBuildFile section */
		9A10854923CA1656000B8C53 /* ProduktAkcesoriaInfoViewController.swift in Sources */ = {isa = PBXBuildFile; fileRef = 9A10854823CA1656000B8C53 /* ProduktAkcesoriaInfoViewController.swift */; };
		9A5DA91B2348AF0100631894 /* MSProdukt.swift in Sources */ = {isa = PBXBuildFile; fileRef = 9A5DA91A2348AF0100631894 /* MSProdukt.swift */; };
		9A6A127A23C0D79700F78F5E /* Pods_Metal_stop_bar.framework in Frameworks */ = {isa = PBXBuildFile; fileRef = C34A67448AB03FB416835460 /* Pods_Metal_stop_bar.framework */; };
		9A6A127B23C0D79700F78F5E /* Pods_Metal_stop_bar.framework in Embed Frameworks */ = {isa = PBXBuildFile; fileRef = C34A67448AB03FB416835460 /* Pods_Metal_stop_bar.framework */; settings = {ATTRIBUTES = (CodeSignOnCopy, RemoveHeadersOnCopy, ); }; };
		9AEFCC6E23C4F6BE00C6AB81 /* ProductsSWViewController.swift in Sources */ = {isa = PBXBuildFile; fileRef = 9AEFCC6D23C4F6BE00C6AB81 /* ProductsSWViewController.swift */; };
		9AEFCC7423C4F9FF00C6AB81 /* ProductSWInfoViewController.swift in Sources */ = {isa = PBXBuildFile; fileRef = 9AEFCC7323C4F9FF00C6AB81 /* ProductSWInfoViewController.swift */; };
		9AEFCC7823C50CEC00C6AB81 /* ProductsAkcesoriaViewController.swift in Sources */ = {isa = PBXBuildFile; fileRef = 9AEFCC7723C50CEC00C6AB81 /* ProductsAkcesoriaViewController.swift */; };
		AA4B6E2A2377479E0095D0AF /* TextStrings.swift in Sources */ = {isa = PBXBuildFile; fileRef = AA4B6E292377479E0095D0AF /* TextStrings.swift */; };
		AAE913612375670300B46090 /* APIClient.swift in Sources */ = {isa = PBXBuildFile; fileRef = AAE913602375670300B46090 /* APIClient.swift */; };
		AAE9136523756BCD00B46090 /* APIResponse.swift in Sources */ = {isa = PBXBuildFile; fileRef = AAE9136423756BCD00B46090 /* APIResponse.swift */; };
		B4198F4C2316CDF000504315 /* ProductsViewController.swift in Sources */ = {isa = PBXBuildFile; fileRef = B4198F4B2316CDF000504315 /* ProductsViewController.swift */; };
		B419AC1B2315828600E70304 /* AppDelegate.swift in Sources */ = {isa = PBXBuildFile; fileRef = B419AC1A2315828600E70304 /* AppDelegate.swift */; };
		B419AC202315828600E70304 /* Main.storyboard in Resources */ = {isa = PBXBuildFile; fileRef = B419AC1E2315828600E70304 /* Main.storyboard */; };
		B419AC222315828800E70304 /* Assets.xcassets in Resources */ = {isa = PBXBuildFile; fileRef = B419AC212315828800E70304 /* Assets.xcassets */; };
		B419AC252315828800E70304 /* LaunchScreen.storyboard in Resources */ = {isa = PBXBuildFile; fileRef = B419AC232315828800E70304 /* LaunchScreen.storyboard */; };
		B419AC2D2315843600E70304 /* ProfileAluminioweViewController.swift in Sources */ = {isa = PBXBuildFile; fileRef = B419AC2C2315843600E70304 /* ProfileAluminioweViewController.swift */; };
		B419AC2F2315844C00E70304 /* SystemyWystawienniczeViewController.swift in Sources */ = {isa = PBXBuildFile; fileRef = B419AC2E2315844C00E70304 /* SystemyWystawienniczeViewController.swift */; };
		B419AC312315846200E70304 /* AkcesoriaViewController.swift in Sources */ = {isa = PBXBuildFile; fileRef = B419AC302315846200E70304 /* AkcesoriaViewController.swift */; };
		B419AC332315847600E70304 /* HomeViewController.swift in Sources */ = {isa = PBXBuildFile; fileRef = B419AC322315847600E70304 /* HomeViewController.swift */; };
		B4A2C650232BFBF80097FE38 /* produkt.swift in Sources */ = {isa = PBXBuildFile; fileRef = B4A2C64F232BFBF80097FE38 /* produkt.swift */; };
		B4A2C652232BFC7F0097FE38 /* blachy.swift in Sources */ = {isa = PBXBuildFile; fileRef = B4A2C651232BFC7F0097FE38 /* blachy.swift */; };
		B4A2C654232C02950097FE38 /* ProduktInfoViewController.swift in Sources */ = {isa = PBXBuildFile; fileRef = B4A2C653232C02950097FE38 /* ProduktInfoViewController.swift */; };
/* End PBXBuildFile section */

/* Begin PBXCopyFilesBuildPhase section */
		9A6A127C23C0D79700F78F5E /* Embed Frameworks */ = {
			isa = PBXCopyFilesBuildPhase;
			buildActionMask = 2147483647;
			dstPath = "";
			dstSubfolderSpec = 10;
			files = (
				9A6A127B23C0D79700F78F5E /* Pods_Metal_stop_bar.framework in Embed Frameworks */,
			);
			name = "Embed Frameworks";
			runOnlyForDeploymentPostprocessing = 0;
		};
/* End PBXCopyFilesBuildPhase section */

/* Begin PBXFileReference section */
		3B34037F4E2DEDCB838119FA /* Pods-Metal-stop-bar.debug.xcconfig */ = {isa = PBXFileReference; includeInIndex = 1; lastKnownFileType = text.xcconfig; name = "Pods-Metal-stop-bar.debug.xcconfig"; path = "Target Support Files/Pods-Metal-stop-bar/Pods-Metal-stop-bar.debug.xcconfig"; sourceTree = "<group>"; };
		9A10854823CA1656000B8C53 /* ProduktAkcesoriaInfoViewController.swift */ = {isa = PBXFileReference; lastKnownFileType = sourcecode.swift; path = ProduktAkcesoriaInfoViewController.swift; sourceTree = "<group>"; };
		9A5DA91A2348AF0100631894 /* MSProdukt.swift */ = {isa = PBXFileReference; lastKnownFileType = sourcecode.swift; path = MSProdukt.swift; sourceTree = "<group>"; };
		9AEFCC6D23C4F6BE00C6AB81 /* ProductsSWViewController.swift */ = {isa = PBXFileReference; lastKnownFileType = sourcecode.swift; path = ProductsSWViewController.swift; sourceTree = "<group>"; };
		9AEFCC7323C4F9FF00C6AB81 /* ProductSWInfoViewController.swift */ = {isa = PBXFileReference; lastKnownFileType = sourcecode.swift; path = ProductSWInfoViewController.swift; sourceTree = "<group>"; };
		9AEFCC7723C50CEC00C6AB81 /* ProductsAkcesoriaViewController.swift */ = {isa = PBXFileReference; lastKnownFileType = sourcecode.swift; path = ProductsAkcesoriaViewController.swift; sourceTree = "<group>"; };
		AA4B6E292377479E0095D0AF /* TextStrings.swift */ = {isa = PBXFileReference; lastKnownFileType = sourcecode.swift; path = TextStrings.swift; sourceTree = "<group>"; };
		AAE913602375670300B46090 /* APIClient.swift */ = {isa = PBXFileReference; lastKnownFileType = sourcecode.swift; path = APIClient.swift; sourceTree = "<group>"; };
		AAE9136423756BCD00B46090 /* APIResponse.swift */ = {isa = PBXFileReference; lastKnownFileType = sourcecode.swift; path = APIResponse.swift; sourceTree = "<group>"; };
		B4198F4B2316CDF000504315 /* ProductsViewController.swift */ = {isa = PBXFileReference; lastKnownFileType = sourcecode.swift; path = ProductsViewController.swift; sourceTree = "<group>"; };
		B419AC172315828600E70304 /* Metal-stop-bar.app */ = {isa = PBXFileReference; explicitFileType = wrapper.application; includeInIndex = 0; path = "Metal-stop-bar.app"; sourceTree = BUILT_PRODUCTS_DIR; };
		B419AC1A2315828600E70304 /* AppDelegate.swift */ = {isa = PBXFileReference; lastKnownFileType = sourcecode.swift; path = AppDelegate.swift; sourceTree = "<group>"; };
		B419AC1F2315828600E70304 /* Base */ = {isa = PBXFileReference; lastKnownFileType = file.storyboard; name = Base; path = Base.lproj/Main.storyboard; sourceTree = "<group>"; };
		B419AC212315828800E70304 /* Assets.xcassets */ = {isa = PBXFileReference; lastKnownFileType = folder.assetcatalog; path = Assets.xcassets; sourceTree = "<group>"; };
		B419AC242315828800E70304 /* Base */ = {isa = PBXFileReference; lastKnownFileType = file.storyboard; name = Base; path = Base.lproj/LaunchScreen.storyboard; sourceTree = "<group>"; };
		B419AC262315828800E70304 /* Info.plist */ = {isa = PBXFileReference; lastKnownFileType = text.plist.xml; path = Info.plist; sourceTree = "<group>"; };
		B419AC2C2315843600E70304 /* ProfileAluminioweViewController.swift */ = {isa = PBXFileReference; lastKnownFileType = sourcecode.swift; path = ProfileAluminioweViewController.swift; sourceTree = "<group>"; };
		B419AC2E2315844C00E70304 /* SystemyWystawienniczeViewController.swift */ = {isa = PBXFileReference; lastKnownFileType = sourcecode.swift; path = SystemyWystawienniczeViewController.swift; sourceTree = "<group>"; };
		B419AC302315846200E70304 /* AkcesoriaViewController.swift */ = {isa = PBXFileReference; lastKnownFileType = sourcecode.swift; path = AkcesoriaViewController.swift; sourceTree = "<group>"; };
		B419AC322315847600E70304 /* HomeViewController.swift */ = {isa = PBXFileReference; lastKnownFileType = sourcecode.swift; path = HomeViewController.swift; sourceTree = "<group>"; };
		B4A2C64F232BFBF80097FE38 /* produkt.swift */ = {isa = PBXFileReference; lastKnownFileType = sourcecode.swift; path = produkt.swift; sourceTree = "<group>"; };
		B4A2C651232BFC7F0097FE38 /* blachy.swift */ = {isa = PBXFileReference; lastKnownFileType = sourcecode.swift; path = blachy.swift; sourceTree = "<group>"; };
		B4A2C653232C02950097FE38 /* ProduktInfoViewController.swift */ = {isa = PBXFileReference; lastKnownFileType = sourcecode.swift; path = ProduktInfoViewController.swift; sourceTree = "<group>"; };
		C34A67448AB03FB416835460 /* Pods_Metal_stop_bar.framework */ = {isa = PBXFileReference; explicitFileType = wrapper.framework; includeInIndex = 0; path = Pods_Metal_stop_bar.framework; sourceTree = BUILT_PRODUCTS_DIR; };
		F3D2019004AAC763796CFEF3 /* Pods-Metal-stop-bar.release.xcconfig */ = {isa = PBXFileReference; includeInIndex = 1; lastKnownFileType = text.xcconfig; name = "Pods-Metal-stop-bar.release.xcconfig"; path = "Target Support Files/Pods-Metal-stop-bar/Pods-Metal-stop-bar.release.xcconfig"; sourceTree = "<group>"; };
/* End PBXFileReference section */

/* Begin PBXFrameworksBuildPhase section */
		B419AC142315828600E70304 /* Frameworks */ = {
			isa = PBXFrameworksBuildPhase;
			buildActionMask = 2147483647;
			files = (
				9A6A127A23C0D79700F78F5E /* Pods_Metal_stop_bar.framework in Frameworks */,
			);
			runOnlyForDeploymentPostprocessing = 0;
		};
/* End PBXFrameworksBuildPhase section */

/* Begin PBXGroup section */
		70E3A1328BDD400E3068683D /* Frameworks */ = {
			isa = PBXGroup;
			children = (
				C34A67448AB03FB416835460 /* Pods_Metal_stop_bar.framework */,
			);
			name = Frameworks;
			sourceTree = "<group>";
		};
		74CC52F0568E2041F4026509 /* Pods */ = {
			isa = PBXGroup;
			children = (
				3B34037F4E2DEDCB838119FA /* Pods-Metal-stop-bar.debug.xcconfig */,
				F3D2019004AAC763796CFEF3 /* Pods-Metal-stop-bar.release.xcconfig */,
			);
			path = Pods;
			sourceTree = "<group>";
		};
		9A5DA91E2348B3B600631894 /* sztywne */ = {
			isa = PBXGroup;
			children = (
				B4A2C64F232BFBF80097FE38 /* produkt.swift */,
				B4A2C651232BFC7F0097FE38 /* blachy.swift */,
			);
			path = sztywne;
			sourceTree = "<group>";
		};
		9AEFCC6F23C4F94F00C6AB81 /* Systemy wystawiennicze */ = {
			isa = PBXGroup;
			children = (
				B419AC2E2315844C00E70304 /* SystemyWystawienniczeViewController.swift */,
				9AEFCC6D23C4F6BE00C6AB81 /* ProductsSWViewController.swift */,
				9AEFCC7323C4F9FF00C6AB81 /* ProductSWInfoViewController.swift */,
			);
			path = "Systemy wystawiennicze";
			sourceTree = "<group>";
		};
		9AEFCC7023C4F95C00C6AB81 /* Profile aluminiowe */ = {
			isa = PBXGroup;
			children = (
				B419AC2C2315843600E70304 /* ProfileAluminioweViewController.swift */,
				B4198F4B2316CDF000504315 /* ProductsViewController.swift */,
				B4A2C653232C02950097FE38 /* ProduktInfoViewController.swift */,
			);
			path = "Profile aluminiowe";
			sourceTree = "<group>";
		};
		9AEFCC7523C50C8800C6AB81 /* Akcesoria */ = {
			isa = PBXGroup;
			children = (
				B419AC302315846200E70304 /* AkcesoriaViewController.swift */,
				9AEFCC7723C50CEC00C6AB81 /* ProductsAkcesoriaViewController.swift */,
				9A10854823CA1656000B8C53 /* ProduktAkcesoriaInfoViewController.swift */,
			);
			path = Akcesoria;
			sourceTree = "<group>";
		};
		AA4B6E282377477B0095D0AF /* Resources */ = {
			isa = PBXGroup;
			children = (
				AA4B6E292377479E0095D0AF /* TextStrings.swift */,
			);
			path = Resources;
			sourceTree = "<group>";
		};
		AA4B6E2B23774A840095D0AF /* AppDelegate */ = {
			isa = PBXGroup;
			children = (
				B419AC1A2315828600E70304 /* AppDelegate.swift */,
			);
			path = AppDelegate;
			sourceTree = "<group>";
		};
		AAE9135C2375666300B46090 /* Storyboards */ = {
			isa = PBXGroup;
			children = (
				B419AC1E2315828600E70304 /* Main.storyboard */,
				B419AC232315828800E70304 /* LaunchScreen.storyboard */,
			);
			path = Storyboards;
			sourceTree = "<group>";
		};
		AAE9135D2375668700B46090 /* ViewControllers */ = {
			isa = PBXGroup;
			children = (
				9AEFCC7523C50C8800C6AB81 /* Akcesoria */,
				9AEFCC7023C4F95C00C6AB81 /* Profile aluminiowe */,
				9AEFCC6F23C4F94F00C6AB81 /* Systemy wystawiennicze */,
				B419AC322315847600E70304 /* HomeViewController.swift */,
			);
			path = ViewControllers;
			sourceTree = "<group>";
		};
		AAE9135E2375669000B46090 /* Models */ = {
			isa = PBXGroup;
			children = (
				AAE9136323756BB800B46090 /* APIModels */,
				AAE9136223756BAD00B46090 /* Products */,
			);
			path = Models;
			sourceTree = "<group>";
		};
		AAE9135F2375669A00B46090 /* API */ = {
			isa = PBXGroup;
			children = (
				AAE913602375670300B46090 /* APIClient.swift */,
			);
			path = API;
			sourceTree = "<group>";
		};
		AAE9136223756BAD00B46090 /* Products */ = {
			isa = PBXGroup;
			children = (
				9A5DA91A2348AF0100631894 /* MSProdukt.swift */,
			);
			path = Products;
			sourceTree = "<group>";
		};
		AAE9136323756BB800B46090 /* APIModels */ = {
			isa = PBXGroup;
			children = (
				AAE9136423756BCD00B46090 /* APIResponse.swift */,
			);
			path = APIModels;
			sourceTree = "<group>";
		};
		B419AC0E2315828600E70304 = {
			isa = PBXGroup;
			children = (
				B419AC192315828600E70304 /* Metal-stop-bar */,
				B419AC182315828600E70304 /* Products */,
				70E3A1328BDD400E3068683D /* Frameworks */,
				74CC52F0568E2041F4026509 /* Pods */,
			);
			sourceTree = "<group>";
		};
		B419AC182315828600E70304 /* Products */ = {
			isa = PBXGroup;
			children = (
				B419AC172315828600E70304 /* Metal-stop-bar.app */,
			);
			name = Products;
			sourceTree = "<group>";
		};
		B419AC192315828600E70304 /* Metal-stop-bar */ = {
			isa = PBXGroup;
			children = (
				AA4B6E282377477B0095D0AF /* Resources */,
				AAE9135F2375669A00B46090 /* API */,
				AA4B6E2B23774A840095D0AF /* AppDelegate */,
				AAE9135C2375666300B46090 /* Storyboards */,
				AAE9135D2375668700B46090 /* ViewControllers */,
				B419AC212315828800E70304 /* Assets.xcassets */,
				B419AC262315828800E70304 /* Info.plist */,
				AAE9135E2375669000B46090 /* Models */,
				9A5DA91E2348B3B600631894 /* sztywne */,
			);
			path = "Metal-stop-bar";
			sourceTree = "<group>";
		};
/* End PBXGroup section */

/* Begin PBXNativeTarget section */
		B419AC162315828600E70304 /* Metal-stop-bar */ = {
			isa = PBXNativeTarget;
			buildConfigurationList = B419AC292315828800E70304 /* Build configuration list for PBXNativeTarget "Metal-stop-bar" */;
			buildPhases = (
				438049E41F6061753E6F9E07 /* [CP] Check Pods Manifest.lock */,
				B419AC132315828600E70304 /* Sources */,
				B419AC142315828600E70304 /* Frameworks */,
				B419AC152315828600E70304 /* Resources */,
				E99ACF82BFD71CF26FE5028A /* [CP] Embed Pods Frameworks */,
				9A6A127C23C0D79700F78F5E /* Embed Frameworks */,
			);
			buildRules = (
			);
			dependencies = (
			);
			name = "Metal-stop-bar";
			productName = "Metal-stop-bar";
			productReference = B419AC172315828600E70304 /* Metal-stop-bar.app */;
			productType = "com.apple.product-type.application";
		};
/* End PBXNativeTarget section */

/* Begin PBXProject section */
		B419AC0F2315828600E70304 /* Project object */ = {
			isa = PBXProject;
			attributes = {
				LastSwiftUpdateCheck = 1030;
				LastUpgradeCheck = 1030;
				ORGANIZATIONNAME = "Dominik Kowalski";
				TargetAttributes = {
					B419AC162315828600E70304 = {
						CreatedOnToolsVersion = 10.3;
					};
				};
			};
			buildConfigurationList = B419AC122315828600E70304 /* Build configuration list for PBXProject "Metal-stop-bar" */;
			compatibilityVersion = "Xcode 9.3";
			developmentRegion = en;
			hasScannedForEncodings = 0;
			knownRegions = (
				en,
				Base,
			);
			mainGroup = B419AC0E2315828600E70304;
			productRefGroup = B419AC182315828600E70304 /* Products */;
			projectDirPath = "";
			projectRoot = "";
			targets = (
				B419AC162315828600E70304 /* Metal-stop-bar */,
			);
		};
/* End PBXProject section */

/* Begin PBXResourcesBuildPhase section */
		B419AC152315828600E70304 /* Resources */ = {
			isa = PBXResourcesBuildPhase;
			buildActionMask = 2147483647;
			files = (
				B419AC252315828800E70304 /* LaunchScreen.storyboard in Resources */,
				B419AC222315828800E70304 /* Assets.xcassets in Resources */,
				B419AC202315828600E70304 /* Main.storyboard in Resources */,
			);
			runOnlyForDeploymentPostprocessing = 0;
		};
/* End PBXResourcesBuildPhase section */

/* Begin PBXShellScriptBuildPhase section */
		438049E41F6061753E6F9E07 /* [CP] Check Pods Manifest.lock */ = {
			isa = PBXShellScriptBuildPhase;
			buildActionMask = 2147483647;
			files = (
			);
			inputFileListPaths = (
			);
			inputPaths = (
				"${PODS_PODFILE_DIR_PATH}/Podfile.lock",
				"${PODS_ROOT}/Manifest.lock",
			);
			name = "[CP] Check Pods Manifest.lock";
			outputFileListPaths = (
			);
			outputPaths = (
				"$(DERIVED_FILE_DIR)/Pods-Metal-stop-bar-checkManifestLockResult.txt",
			);
			runOnlyForDeploymentPostprocessing = 0;
			shellPath = /bin/sh;
			shellScript = "diff \"${PODS_PODFILE_DIR_PATH}/Podfile.lock\" \"${PODS_ROOT}/Manifest.lock\" > /dev/null\nif [ $? != 0 ] ; then\n    # print error to STDERR\n    echo \"error: The sandbox is not in sync with the Podfile.lock. Run 'pod install' or update your CocoaPods installation.\" >&2\n    exit 1\nfi\n# This output is used by Xcode 'outputs' to avoid re-running this script phase.\necho \"SUCCESS\" > \"${SCRIPT_OUTPUT_FILE_0}\"\n";
			showEnvVarsInLog = 0;
		};
		E99ACF82BFD71CF26FE5028A /* [CP] Embed Pods Frameworks */ = {
			isa = PBXShellScriptBuildPhase;
			buildActionMask = 2147483647;
			files = (
			);
			inputFileListPaths = (
				"${PODS_ROOT}/Target Support Files/Pods-Metal-stop-bar/Pods-Metal-stop-bar-frameworks-${CONFIGURATION}-input-files.xcfilelist",
			);
			name = "[CP] Embed Pods Frameworks";
			outputFileListPaths = (
				"${PODS_ROOT}/Target Support Files/Pods-Metal-stop-bar/Pods-Metal-stop-bar-frameworks-${CONFIGURATION}-output-files.xcfilelist",
			);
			runOnlyForDeploymentPostprocessing = 0;
			shellPath = /bin/sh;
			shellScript = "\"${PODS_ROOT}/Target Support Files/Pods-Metal-stop-bar/Pods-Metal-stop-bar-frameworks.sh\"\n";
			showEnvVarsInLog = 0;
		};
/* End PBXShellScriptBuildPhase section */

/* Begin PBXSourcesBuildPhase section */
		B419AC132315828600E70304 /* Sources */ = {
			isa = PBXSourcesBuildPhase;
			buildActionMask = 2147483647;
			files = (
				AAE913612375670300B46090 /* APIClient.swift in Sources */,
				AA4B6E2A2377479E0095D0AF /* TextStrings.swift in Sources */,
				B4198F4C2316CDF000504315 /* ProductsViewController.swift in Sources */,
				B419AC1B2315828600E70304 /* AppDelegate.swift in Sources */,
				B4A2C652232BFC7F0097FE38 /* blachy.swift in Sources */,
				9AEFCC7823C50CEC00C6AB81 /* ProductsAkcesoriaViewController.swift in Sources */,
				B419AC312315846200E70304 /* AkcesoriaViewController.swift in Sources */,
				B4A2C650232BFBF80097FE38 /* produkt.swift in Sources */,
				AAE9136523756BCD00B46090 /* APIResponse.swift in Sources */,
				9A5DA91B2348AF0100631894 /* MSProdukt.swift in Sources */,
				B419AC2F2315844C00E70304 /* SystemyWystawienniczeViewController.swift in Sources */,
				9AEFCC6E23C4F6BE00C6AB81 /* ProductsSWViewController.swift in Sources */,
				9A10854923CA1656000B8C53 /* ProduktAkcesoriaInfoViewController.swift in Sources */,
				9AEFCC7423C4F9FF00C6AB81 /* ProductSWInfoViewController.swift in Sources */,
				B4A2C654232C02950097FE38 /* ProduktInfoViewController.swift in Sources */,
				B419AC2D2315843600E70304 /* ProfileAluminioweViewController.swift in Sources */,
				B419AC332315847600E70304 /* HomeViewController.swift in Sources */,
			);
			runOnlyForDeploymentPostprocessing = 0;
		};
/* End PBXSourcesBuildPhase section */

/* Begin PBXVariantGroup section */
		B419AC1E2315828600E70304 /* Main.storyboard */ = {
			isa = PBXVariantGroup;
			children = (
				B419AC1F2315828600E70304 /* Base */,
			);
			name = Main.storyboard;
			sourceTree = "<group>";
		};
		B419AC232315828800E70304 /* LaunchScreen.storyboard */ = {
			isa = PBXVariantGroup;
			children = (
				B419AC242315828800E70304 /* Base */,
			);
			name = LaunchScreen.storyboard;
			sourceTree = "<group>";
		};
/* End PBXVariantGroup section */

/* Begin XCBuildConfiguration section */
		B419AC272315828800E70304 /* Debug */ = {
			isa = XCBuildConfiguration;
			buildSettings = {
				ALWAYS_SEARCH_USER_PATHS = NO;
				CLANG_ANALYZER_NONNULL = YES;
				CLANG_ANALYZER_NUMBER_OBJECT_CONVERSION = YES_AGGRESSIVE;
				CLANG_CXX_LANGUAGE_STANDARD = "gnu++14";
				CLANG_CXX_LIBRARY = "libc++";
				CLANG_ENABLE_MODULES = YES;
				CLANG_ENABLE_OBJC_ARC = YES;
				CLANG_ENABLE_OBJC_WEAK = YES;
				CLANG_WARN_BLOCK_CAPTURE_AUTORELEASING = YES;
				CLANG_WARN_BOOL_CONVERSION = YES;
				CLANG_WARN_COMMA = YES;
				CLANG_WARN_CONSTANT_CONVERSION = YES;
				CLANG_WARN_DEPRECATED_OBJC_IMPLEMENTATIONS = YES;
				CLANG_WARN_DIRECT_OBJC_ISA_USAGE = YES_ERROR;
				CLANG_WARN_DOCUMENTATION_COMMENTS = YES;
				CLANG_WARN_EMPTY_BODY = YES;
				CLANG_WARN_ENUM_CONVERSION = YES;
				CLANG_WARN_INFINITE_RECURSION = YES;
				CLANG_WARN_INT_CONVERSION = YES;
				CLANG_WARN_NON_LITERAL_NULL_CONVERSION = YES;
				CLANG_WARN_OBJC_IMPLICIT_RETAIN_SELF = YES;
				CLANG_WARN_OBJC_LITERAL_CONVERSION = YES;
				CLANG_WARN_OBJC_ROOT_CLASS = YES_ERROR;
				CLANG_WARN_RANGE_LOOP_ANALYSIS = YES;
				CLANG_WARN_STRICT_PROTOTYPES = YES;
				CLANG_WARN_SUSPICIOUS_MOVE = YES;
				CLANG_WARN_UNGUARDED_AVAILABILITY = YES_AGGRESSIVE;
				CLANG_WARN_UNREACHABLE_CODE = YES;
				CLANG_WARN__DUPLICATE_METHOD_MATCH = YES;
				CODE_SIGN_IDENTITY = "iPhone Developer";
				COPY_PHASE_STRIP = NO;
				DEBUG_INFORMATION_FORMAT = dwarf;
				ENABLE_STRICT_OBJC_MSGSEND = YES;
				ENABLE_TESTABILITY = YES;
				GCC_C_LANGUAGE_STANDARD = gnu11;
				GCC_DYNAMIC_NO_PIC = NO;
				GCC_NO_COMMON_BLOCKS = YES;
				GCC_OPTIMIZATION_LEVEL = 0;
				GCC_PREPROCESSOR_DEFINITIONS = (
					"DEBUG=1",
					"$(inherited)",
				);
				GCC_WARN_64_TO_32_BIT_CONVERSION = YES;
				GCC_WARN_ABOUT_RETURN_TYPE = YES_ERROR;
				GCC_WARN_UNDECLARED_SELECTOR = YES;
				GCC_WARN_UNINITIALIZED_AUTOS = YES_AGGRESSIVE;
				GCC_WARN_UNUSED_FUNCTION = YES;
				GCC_WARN_UNUSED_VARIABLE = YES;
				IPHONEOS_DEPLOYMENT_TARGET = 13.2;
				MTL_ENABLE_DEBUG_INFO = INCLUDE_SOURCE;
				MTL_FAST_MATH = YES;
				ONLY_ACTIVE_ARCH = YES;
				SDKROOT = iphoneos;
				SWIFT_ACTIVE_COMPILATION_CONDITIONS = DEBUG;
				SWIFT_OPTIMIZATION_LEVEL = "-Onone";
			};
			name = Debug;
		};
		B419AC282315828800E70304 /* Release */ = {
			isa = XCBuildConfiguration;
			buildSettings = {
				ALWAYS_SEARCH_USER_PATHS = NO;
				CLANG_ANALYZER_NONNULL = YES;
				CLANG_ANALYZER_NUMBER_OBJECT_CONVERSION = YES_AGGRESSIVE;
				CLANG_CXX_LANGUAGE_STANDARD = "gnu++14";
				CLANG_CXX_LIBRARY = "libc++";
				CLANG_ENABLE_MODULES = YES;
				CLANG_ENABLE_OBJC_ARC = YES;
				CLANG_ENABLE_OBJC_WEAK = YES;
				CLANG_WARN_BLOCK_CAPTURE_AUTORELEASING = YES;
				CLANG_WARN_BOOL_CONVERSION = YES;
				CLANG_WARN_COMMA = YES;
				CLANG_WARN_CONSTANT_CONVERSION = YES;
				CLANG_WARN_DEPRECATED_OBJC_IMPLEMENTATIONS = YES;
				CLANG_WARN_DIRECT_OBJC_ISA_USAGE = YES_ERROR;
				CLANG_WARN_DOCUMENTATION_COMMENTS = YES;
				CLANG_WARN_EMPTY_BODY = YES;
				CLANG_WARN_ENUM_CONVERSION = YES;
				CLANG_WARN_INFINITE_RECURSION = YES;
				CLANG_WARN_INT_CONVERSION = YES;
				CLANG_WARN_NON_LITERAL_NULL_CONVERSION = YES;
				CLANG_WARN_OBJC_IMPLICIT_RETAIN_SELF = YES;
				CLANG_WARN_OBJC_LITERAL_CONVERSION = YES;
				CLANG_WARN_OBJC_ROOT_CLASS = YES_ERROR;
				CLANG_WARN_RANGE_LOOP_ANALYSIS = YES;
				CLANG_WARN_STRICT_PROTOTYPES = YES;
				CLANG_WARN_SUSPICIOUS_MOVE = YES;
				CLANG_WARN_UNGUARDED_AVAILABILITY = YES_AGGRESSIVE;
				CLANG_WARN_UNREACHABLE_CODE = YES;
				CLANG_WARN__DUPLICATE_METHOD_MATCH = YES;
				CODE_SIGN_IDENTITY = "iPhone Developer";
				COPY_PHASE_STRIP = NO;
				DEBUG_INFORMATION_FORMAT = "dwarf-with-dsym";
				ENABLE_NS_ASSERTIONS = NO;
				ENABLE_STRICT_OBJC_MSGSEND = YES;
				GCC_C_LANGUAGE_STANDARD = gnu11;
				GCC_NO_COMMON_BLOCKS = YES;
				GCC_WARN_64_TO_32_BIT_CONVERSION = YES;
				GCC_WARN_ABOUT_RETURN_TYPE = YES_ERROR;
				GCC_WARN_UNDECLARED_SELECTOR = YES;
				GCC_WARN_UNINITIALIZED_AUTOS = YES_AGGRESSIVE;
				GCC_WARN_UNUSED_FUNCTION = YES;
				GCC_WARN_UNUSED_VARIABLE = YES;
				IPHONEOS_DEPLOYMENT_TARGET = 13.2;
				MTL_ENABLE_DEBUG_INFO = NO;
				MTL_FAST_MATH = YES;
				SDKROOT = iphoneos;
				SWIFT_COMPILATION_MODE = wholemodule;
				SWIFT_OPTIMIZATION_LEVEL = "-O";
				VALIDATE_PRODUCT = YES;
			};
			name = Release;
		};
		B419AC2A2315828800E70304 /* Debug */ = {
			isa = XCBuildConfiguration;
			baseConfigurationReference = 3B34037F4E2DEDCB838119FA /* Pods-Metal-stop-bar.debug.xcconfig */;
			buildSettings = {
				ASSETCATALOG_COMPILER_APPICON_NAME = AppIcon;
				CODE_SIGN_STYLE = Automatic;
				DEVELOPMENT_TEAM = R7AQQ37XA7;
				INFOPLIST_FILE = "Metal-stop-bar/Info.plist";
				IPHONEOS_DEPLOYMENT_TARGET = 13.2;
				LD_RUNPATH_SEARCH_PATHS = (
					"$(inherited)",
					"@executable_path/Frameworks",
				);
				PRODUCT_BUNDLE_IDENTIFIER = "pl.idee.Metal-stop-bar.development";
				PRODUCT_NAME = "$(TARGET_NAME)";
				SWIFT_VERSION = 5.0;
				TARGETED_DEVICE_FAMILY = "1,2";
			};
			name = Debug;
		};
		B419AC2B2315828800E70304 /* Release */ = {
			isa = XCBuildConfiguration;
			baseConfigurationReference = F3D2019004AAC763796CFEF3 /* Pods-Metal-stop-bar.release.xcconfig */;
			buildSettings = {
				ASSETCATALOG_COMPILER_APPICON_NAME = AppIcon;
				CODE_SIGN_STYLE = Automatic;
				DEVELOPMENT_TEAM = R7AQQ37XA7;
				INFOPLIST_FILE = "Metal-stop-bar/Info.plist";
				IPHONEOS_DEPLOYMENT_TARGET = 13.2;
				LD_RUNPATH_SEARCH_PATHS = (
					"$(inherited)",
					"@executable_path/Frameworks",
				);
				PRODUCT_BUNDLE_IDENTIFIER = "pl.idee.Metal-stop-bar.development";
				PRODUCT_NAME = "$(TARGET_NAME)";
				SWIFT_VERSION = 5.0;
				TARGETED_DEVICE_FAMILY = "1,2";
			};
			name = Release;
		};
/* End XCBuildConfiguration section */

/* Begin XCConfigurationList section */
		B419AC122315828600E70304 /* Build configuration list for PBXProject "Metal-stop-bar" */ = {
			isa = XCConfigurationList;
			buildConfigurations = (
				B419AC272315828800E70304 /* Debug */,
				B419AC282315828800E70304 /* Release */,
			);
			defaultConfigurationIsVisible = 0;
			defaultConfigurationName = Release;
		};
		B419AC292315828800E70304 /* Build configuration list for PBXNativeTarget "Metal-stop-bar" */ = {
			isa = XCConfigurationList;
			buildConfigurations = (
				B419AC2A2315828800E70304 /* Debug */,
				B419AC2B2315828800E70304 /* Release */,
			);
			defaultConfigurationIsVisible = 0;
			defaultConfigurationName = Release;
		};
/* End XCConfigurationList section */
	};
	rootObject = B419AC0F2315828600E70304 /* Project object */;
}
